
Microsoft Visual Studio Solution File, Format Version 12.00
# Visual Studio Version 16
VisualStudioVersion = 16.0.31129.286
MinimumVisualStudioVersion = 10.0.40219.1
Project("{FAE04EC0-301F-11D3-BF4B-00C04F79EFBC}") = "Chess_project", "Chess_project\Chess_project.csproj", "{8EC12D1B-F963-41FF-BDA0-D37D572C1F5A}"
EndProject
Global
	GlobalSection(SolutionConfigurationPlatforms) = preSolution
		Debug|Any CPU = Debug|Any CPU
		Release|Any CPU = Release|Any CPU
	EndGlobalSection
	GlobalSection(ProjectConfigurationPlatforms) = postSolution
		{8EC12D1B-F963-41FF-BDA0-D37D572C1F5A}.Debug|Any CPU.ActiveCfg = Debug|Any CPU
		{8EC12D1B-F963-41FF-BDA0-D37D572C1F5A}.Debug|Any CPU.Build.0 = Debug|Any CPU
		{8EC12D1B-F963-41FF-BDA0-D37D572C1F5A}.Release|Any CPU.ActiveCfg = Release|Any CPU
		{8EC12D1B-F963-41FF-BDA0-D37D572C1F5A}.Release|Any CPU.Build.0 = Release|Any CPU
	EndGlobalSection
	GlobalSection(SolutionProperties) = preSolution
		HideSolutionNode = FALSE
	EndGlobalSection
	GlobalSection(ExtensibilityGlobals) = postSolution
		SolutionGuid = {F03846C9-3C2F-4906-A773-F6ADC4D7ADB0}
	EndGlobalSection
EndGlobal
